
Microsoft Visual Studio Solution File, Format Version 12.00
# Visual Studio 15
Project("{FAE04EC0-301F-11D3-BF4B-00C04F79EFBC}") = "AstarPathfindingProject", "AstarPathfindingProject.csproj", "{416F1288-E4FE-4438-A58C-ECC50EAD8D22}"
EndProject
Project("{FAE04EC0-301F-11D3-BF4B-00C04F79EFBC}") = "Assembly-CSharp", "Assembly-CSharp.csproj", "{EAF0BFCD-9A6C-CC46-F523-647A27730F0A}"
EndProject
Project("{FAE04EC0-301F-11D3-BF4B-00C04F79EFBC}") = "Unity.2D.Tilemap.Extras", "Unity.2D.Tilemap.Extras.csproj", "{1063DD56-E179-B7F5-4C2D-6750D0F7DF96}"
EndProject
Project("{FAE04EC0-301F-11D3-BF4B-00C04F79EFBC}") = "Unity.2D.Tilemap.Extras.Editor", "Unity.2D.Tilemap.Extras.Editor.csproj", "{6B9A929C-37D5-C08A-7F3B-8F6934A4445F}"
EndProject
Project("{FAE04EC0-301F-11D3-BF4B-00C04F79EFBC}") = "PackageToolsEditor", "PackageToolsEditor.csproj", "{F9407EBD-FB42-A7EF-38AC-6541DA3342C2}"
EndProject
Project("{FAE04EC0-301F-11D3-BF4B-00C04F79EFBC}") = "Unity.2D.Tilemap.Extras.Placeholder.EditorTests", "Unity.2D.Tilemap.Extras.Placeholder.EditorTests.csproj", "{46157247-2C43-32A9-513C-460D9C1B0ED2}"
EndProject
Project("{FAE04EC0-301F-11D3-BF4B-00C04F79EFBC}") = "AstarPathfindingProjectEditor", "AstarPathfindingProjectEditor.csproj", "{4A76E033-AD68-BFDE-8C0E-F412D134FFC6}"
EndProject
Global
	GlobalSection(SolutionConfigurationPlatforms) = preSolution
		Debug|Any CPU = Debug|Any CPU
		Release|Any CPU = Release|Any CPU
	EndGlobalSection
	GlobalSection(ProjectConfigurationPlatforms) = postSolution
		{416F1288-E4FE-4438-A58C-ECC50EAD8D22}.Debug|Any CPU.ActiveCfg = Debug|Any CPU
		{416F1288-E4FE-4438-A58C-ECC50EAD8D22}.Debug|Any CPU.Build.0 = Debug|Any CPU
		{416F1288-E4FE-4438-A58C-ECC50EAD8D22}.Release|Any CPU.ActiveCfg = Release|Any CPU
		{416F1288-E4FE-4438-A58C-ECC50EAD8D22}.Release|Any CPU.Build.0 = Release|Any CPU
		{EAF0BFCD-9A6C-CC46-F523-647A27730F0A}.Debug|Any CPU.ActiveCfg = Debug|Any CPU
		{EAF0BFCD-9A6C-CC46-F523-647A27730F0A}.Debug|Any CPU.Build.0 = Debug|Any CPU
		{EAF0BFCD-9A6C-CC46-F523-647A27730F0A}.Release|Any CPU.ActiveCfg = Release|Any CPU
		{EAF0BFCD-9A6C-CC46-F523-647A27730F0A}.Release|Any CPU.Build.0 = Release|Any CPU
		{1063DD56-E179-B7F5-4C2D-6750D0F7DF96}.Debug|Any CPU.ActiveCfg = Debug|Any CPU
		{1063DD56-E179-B7F5-4C2D-6750D0F7DF96}.Debug|Any CPU.Build.0 = Debug|Any CPU
		{1063DD56-E179-B7F5-4C2D-6750D0F7DF96}.Release|Any CPU.ActiveCfg = Release|Any CPU
		{1063DD56-E179-B7F5-4C2D-6750D0F7DF96}.Release|Any CPU.Build.0 = Release|Any CPU
		{6B9A929C-37D5-C08A-7F3B-8F6934A4445F}.Debug|Any CPU.ActiveCfg = Debug|Any CPU
		{6B9A929C-37D5-C08A-7F3B-8F6934A4445F}.Debug|Any CPU.Build.0 = Debug|Any CPU
		{6B9A929C-37D5-C08A-7F3B-8F6934A4445F}.Release|Any CPU.ActiveCfg = Release|Any CPU
		{6B9A929C-37D5-C08A-7F3B-8F6934A4445F}.Release|Any CPU.Build.0 = Release|Any CPU
		{F9407EBD-FB42-A7EF-38AC-6541DA3342C2}.Debug|Any CPU.ActiveCfg = Debug|Any CPU
		{F9407EBD-FB42-A7EF-38AC-6541DA3342C2}.Debug|Any CPU.Build.0 = Debug|Any CPU
		{F9407EBD-FB42-A7EF-38AC-6541DA3342C2}.Release|Any CPU.ActiveCfg = Release|Any CPU
		{F9407EBD-FB42-A7EF-38AC-6541DA3342C2}.Release|Any CPU.Build.0 = Release|Any CPU
		{46157247-2C43-32A9-513C-460D9C1B0ED2}.Debug|Any CPU.ActiveCfg = Debug|Any CPU
		{46157247-2C43-32A9-513C-460D9C1B0ED2}.Debug|Any CPU.Build.0 = Debug|Any CPU
		{46157247-2C43-32A9-513C-460D9C1B0ED2}.Release|Any CPU.ActiveCfg = Release|Any CPU
		{46157247-2C43-32A9-513C-460D9C1B0ED2}.Release|Any CPU.Build.0 = Release|Any CPU
		{4A76E033-AD68-BFDE-8C0E-F412D134FFC6}.Debug|Any CPU.ActiveCfg = Debug|Any CPU
		{4A76E033-AD68-BFDE-8C0E-F412D134FFC6}.Debug|Any CPU.Build.0 = Debug|Any CPU
		{4A76E033-AD68-BFDE-8C0E-F412D134FFC6}.Release|Any CPU.ActiveCfg = Release|Any CPU
		{4A76E033-AD68-BFDE-8C0E-F412D134FFC6}.Release|Any CPU.Build.0 = Release|Any CPU
	EndGlobalSection
	GlobalSection(SolutionProperties) = preSolution
		HideSolutionNode = FALSE
	EndGlobalSection
EndGlobal
